
Microsoft Visual Studio Solution File, Format Version 12.00
# Visual Studio Version 16
VisualStudioVersion = 16.0.31205.134
MinimumVisualStudioVersion = 10.0.40219.1
Project("{FAE04EC0-301F-11D9-BFAB-00C14E89EFBC}") = "DepotExtended", "DepotExtended\DepotExtended.csproj", "{A13DA92A-E68C-461E-90CC-A193D4992535}"
EndProject
Global
	GlobalSection(SolutionConfigurationPlatforms) = preSolution
		Debug|Any CPU = Debug|Any CPU
		Release|Any CPU = Release|Any CPU
	EndGlobalSection
	GlobalSection(ProjectConfigurationPlatforms) = postSolution
		{A13DA92A-E68C-461E-90CC-A193D4992535}.Debug|Any CPU.ActiveCfg = Debug|Any CPU
		{A13DA92A-E68C-461E-90CC-A193D4992535}.Debug|Any CPU.Build.0 = Debug|Any CPU
		{A13DA92A-E68C-461E-90CC-A193D4992535}.Release|Any CPU.ActiveCfg = Release|Any CPU
		{A13DA92A-E68C-461E-90CC-A193D4992535}.Release|Any CPU.Build.0 = Release|Any CPU
	EndGlobalSection
	GlobalSection(SolutionProperties) = preSolution
		HideSolutionNode = FALSE
	EndGlobalSection
	GlobalSection(ExtensibilityGlobals) = postSolution
		SolutionGuid = {4AD0AA3C-707F-4D38-8F91-29A113653BD4}
	EndGlobalSection
EndGlobal
